
Microsoft Visual Studio Solution File, Format Version 12.00
# Visual Studio Version 16
VisualStudioVersion = 16.0.30804.86
MinimumVisualStudioVersion = 10.0.40219.1
Project("{FAE04EC0-301F-11D3-BF4B-00C04F79EFBC}") = "AutomatedTimeTable", "AutomatedTimeTable\AutomatedTimeTable.csproj", "{5BCCB6C8-4369-41E2-9EA1-03D63D597141}"
EndProject
Global
	GlobalSection(SolutionConfigurationPlatforms) = preSolution
		Debug|Any CPU = Debug|Any CPU
		Release|Any CPU = Release|Any CPU
	EndGlobalSection
	GlobalSection(ProjectConfigurationPlatforms) = postSolution
		{5BCCB6C8-4369-41E2-9EA1-03D63D597141}.Debug|Any CPU.ActiveCfg = Debug|Any CPU
		{5BCCB6C8-4369-41E2-9EA1-03D63D597141}.Debug|Any CPU.Build.0 = Debug|Any CPU
		{5BCCB6C8-4369-41E2-9EA1-03D63D597141}.Release|Any CPU.ActiveCfg = Release|Any CPU
		{5BCCB6C8-4369-41E2-9EA1-03D63D597141}.Release|Any CPU.Build.0 = Release|Any CPU
	EndGlobalSection
	GlobalSection(SolutionProperties) = preSolution
		HideSolutionNode = FALSE
	EndGlobalSection
	GlobalSection(ExtensibilityGlobals) = postSolution
		SolutionGuid = {E52D0C3A-39AF-4E6E-98BF-5B7ADAF81E2D}
	EndGlobalSection
EndGlobal
